
Microsoft Visual Studio Solution File, Format Version 12.00
# Visual Studio Version 17
VisualStudioVersion = 17.5.002.0
MinimumVisualStudioVersion = 10.0.40219.1
Project("{9A19103F-16F7-4668-BE54-9A1E7A4F7556}") = "Chronicle", "Chronicle.csproj", "{37BCE1B6-F385-47A9-85CE-868D23518025}"
EndProject
Global
	GlobalSection(SolutionConfigurationPlatforms) = preSolution
		Debug|Any CPU = Debug|Any CPU
		Release|Any CPU = Release|Any CPU
	EndGlobalSection
	GlobalSection(ProjectConfigurationPlatforms) = postSolution
		{37BCE1B6-F385-47A9-85CE-868D23518025}.Debug|Any CPU.ActiveCfg = Debug|Any CPU
		{37BCE1B6-F385-47A9-85CE-868D23518025}.Debug|Any CPU.Build.0 = Debug|Any CPU
		{37BCE1B6-F385-47A9-85CE-868D23518025}.Release|Any CPU.ActiveCfg = Release|Any CPU
		{37BCE1B6-F385-47A9-85CE-868D23518025}.Release|Any CPU.Build.0 = Release|Any CPU
	EndGlobalSection
	GlobalSection(SolutionProperties) = preSolution
		HideSolutionNode = FALSE
	EndGlobalSection
	GlobalSection(ExtensibilityGlobals) = postSolution
		SolutionGuid = {E2EFA237-DA23-4E3C-A645-51F6B58D8C8A}
	EndGlobalSection
EndGlobal
